
Microsoft Visual Studio Solution File, Format Version 12.00
# Visual Studio 15
VisualStudioVersion = 15.0.28307.572
MinimumVisualStudioVersion = 10.0.40219.1
Project("{9A19103F-16F7-4668-BE54-9A1E7A4F7556}") = "BogieLang", "BogieLang\BogieLang.csproj", "{103C8630-3B3E-4492-B5BD-DA0DC651CE44}"
EndProject
Project("{FAE04EC0-301F-11D3-BF4B-00C04F79EFBC}") = "BogieLangTests", "BogieLangTests\BogieLangTests.csproj", "{339D0972-3B90-4112-AAAB-D3518F7722B2}"
EndProject
Global
	GlobalSection(SolutionConfigurationPlatforms) = preSolution
		Debug|Any CPU = Debug|Any CPU
		Release|Any CPU = Release|Any CPU
	EndGlobalSection
	GlobalSection(ProjectConfigurationPlatforms) = postSolution
		{103C8630-3B3E-4492-B5BD-DA0DC651CE44}.Debug|Any CPU.ActiveCfg = Debug|Any CPU
		{103C8630-3B3E-4492-B5BD-DA0DC651CE44}.Debug|Any CPU.Build.0 = Debug|Any CPU
		{103C8630-3B3E-4492-B5BD-DA0DC651CE44}.Release|Any CPU.ActiveCfg = Release|Any CPU
		{103C8630-3B3E-4492-B5BD-DA0DC651CE44}.Release|Any CPU.Build.0 = Release|Any CPU
		{339D0972-3B90-4112-AAAB-D3518F7722B2}.Debug|Any CPU.ActiveCfg = Debug|Any CPU
		{339D0972-3B90-4112-AAAB-D3518F7722B2}.Debug|Any CPU.Build.0 = Debug|Any CPU
		{339D0972-3B90-4112-AAAB-D3518F7722B2}.Release|Any CPU.ActiveCfg = Release|Any CPU
		{339D0972-3B90-4112-AAAB-D3518F7722B2}.Release|Any CPU.Build.0 = Release|Any CPU
	EndGlobalSection
	GlobalSection(SolutionProperties) = preSolution
		HideSolutionNode = FALSE
	EndGlobalSection
	GlobalSection(ExtensibilityGlobals) = postSolution
		SolutionGuid = {45AA5648-656E-4036-A2F5-C5CCCA559E14}
	EndGlobalSection
EndGlobal
